{
  "name": "crash-to-vibe",
  "version": "1.2.3",
  "lockfileVersion": 3,
  "requires": true,
  "packages": {
    "": {
      "name": "crash-to-vibe",
      "version": "1.2.3",
      "license": "MIT",
      "bin": {
        "crash-to-vibe": "generate-crash-analyzer.js"
      },
      "engines": {
        "node": ">=14.0.0"
      }
    }
  }
}
